
Microsoft Visual Studio Solution File, Format Version 12.00
# Visual Studio Version 16
VisualStudioVersion = 16.0.30413.136
MinimumVisualStudioVersion = 10.0.40219.1
Project("{FAE04EC0-301F-11D3-BF4B-00C04F79EFBC}") = "Obligatirisk Opgave 1", "Obligatirisk Opgave 1\Obligatirisk Opgave 1.csproj", "{65881C17-C06E-4D09-8E32-AAC271618FBE}"
EndProject
Project("{FAE04EC0-301F-11D3-BF4B-00C04F79EFBC}") = "UnitTestProject1", "..\UnitTestProject1\UnitTestProject1.csproj", "{4EE111C7-B793-43E4-B2E3-A216869F7E80}"
EndProject
Global
	GlobalSection(SolutionConfigurationPlatforms) = preSolution
		Debug|Any CPU = Debug|Any CPU
		Release|Any CPU = Release|Any CPU
	EndGlobalSection
	GlobalSection(ProjectConfigurationPlatforms) = postSolution
		{65881C17-C06E-4D09-8E32-AAC271618FBE}.Debug|Any CPU.ActiveCfg = Debug|Any CPU
		{65881C17-C06E-4D09-8E32-AAC271618FBE}.Debug|Any CPU.Build.0 = Debug|Any CPU
		{65881C17-C06E-4D09-8E32-AAC271618FBE}.Release|Any CPU.ActiveCfg = Release|Any CPU
		{65881C17-C06E-4D09-8E32-AAC271618FBE}.Release|Any CPU.Build.0 = Release|Any CPU
		{4EE111C7-B793-43E4-B2E3-A216869F7E80}.Debug|Any CPU.ActiveCfg = Debug|Any CPU
		{4EE111C7-B793-43E4-B2E3-A216869F7E80}.Debug|Any CPU.Build.0 = Debug|Any CPU
		{4EE111C7-B793-43E4-B2E3-A216869F7E80}.Release|Any CPU.ActiveCfg = Release|Any CPU
		{4EE111C7-B793-43E4-B2E3-A216869F7E80}.Release|Any CPU.Build.0 = Release|Any CPU
	EndGlobalSection
	GlobalSection(SolutionProperties) = preSolution
		HideSolutionNode = FALSE
	EndGlobalSection
	GlobalSection(ExtensibilityGlobals) = postSolution
		SolutionGuid = {F3D2BE82-33FE-44B7-B72D-4CE7CD68CBD1}
	EndGlobalSection
EndGlobal
