
Microsoft Visual Studio Solution File, Format Version 12.00
# Visual Studio Version 16
VisualStudioVersion = 16.0.30413.136
MinimumVisualStudioVersion = 10.0.40219.1
Project("{9A19103F-16F7-4668-BE54-9A1E7A4F7556}") = "Obligatirisk Opgave 1", "Obligatirisk Opgave 1\Obligatirisk Opgave 1.csproj", "{65881C17-C06E-4D09-8E32-AAC271618FBE}"
EndProject
Project("{9A19103F-16F7-4668-BE54-9A1E7A4F7556}") = "UnitTestProject1", "UnitTestProject1\UnitTestProject1.csproj", "{4147FE9A-E247-4BD7-80D3-79211E570F4B}"
EndProject
Global
	GlobalSection(SolutionConfigurationPlatforms) = preSolution
		Debug|Any CPU = Debug|Any CPU
		Release|Any CPU = Release|Any CPU
	EndGlobalSection
	GlobalSection(ProjectConfigurationPlatforms) = postSolution
		{65881C17-C06E-4D09-8E32-AAC271618FBE}.Debug|Any CPU.ActiveCfg = Debug|Any CPU
		{65881C17-C06E-4D09-8E32-AAC271618FBE}.Debug|Any CPU.Build.0 = Debug|Any CPU
		{65881C17-C06E-4D09-8E32-AAC271618FBE}.Release|Any CPU.ActiveCfg = Release|Any CPU
		{65881C17-C06E-4D09-8E32-AAC271618FBE}.Release|Any CPU.Build.0 = Release|Any CPU
		{4147FE9A-E247-4BD7-80D3-79211E570F4B}.Debug|Any CPU.ActiveCfg = Debug|Any CPU
		{4147FE9A-E247-4BD7-80D3-79211E570F4B}.Debug|Any CPU.Build.0 = Debug|Any CPU
		{4147FE9A-E247-4BD7-80D3-79211E570F4B}.Release|Any CPU.ActiveCfg = Release|Any CPU
		{4147FE9A-E247-4BD7-80D3-79211E570F4B}.Release|Any CPU.Build.0 = Release|Any CPU
	EndGlobalSection
	GlobalSection(SolutionProperties) = preSolution
		HideSolutionNode = FALSE
	EndGlobalSection
	GlobalSection(ExtensibilityGlobals) = postSolution
		SolutionGuid = {F3D2BE82-33FE-44B7-B72D-4CE7CD68CBD1}
	EndGlobalSection
EndGlobal
